{
  "name": "cabal",
  "version": "1.0.0",
  "lockfileVersion": 1,
  "requires": true,
  "dependencies": {
    "array-lru": {
      "version": "1.1.1",
      "resolved": "https://registry.npmjs.org/array-lru/-/array-lru-1.1.1.tgz",
      "integrity": "sha1-DH4bTgIq4Wb/HoRIxZXzGB/NMzc="
    },
    "atomic-batcher": {
      "version": "1.0.2",
      "resolved": "https://registry.npmjs.org/atomic-batcher/-/atomic-batcher-1.0.2.tgz",
      "integrity": "sha1-0WkB0QzOxZUWwZe5zNiTBom4E7Q="
    },
    "bencode": {
      "version": "1.0.0",
      "resolved": "https://registry.npmjs.org/bencode/-/bencode-1.0.0.tgz",
      "integrity": "sha512-N+VOSP5MkoX+xgnp6Y056iCY5TmCZg9rgPNPQe0bIiXchxYFP4vs/Tf0dTdQ+qQhP7HM2gvfFq+sUVjQsGy5Zw==",
      "requires": {
        "safe-buffer": "^5.1.1"
      }
    },
    "bitfield-rle": {
      "version": "2.1.0",
      "resolved": "https://registry.npmjs.org/bitfield-rle/-/bitfield-rle-2.1.0.tgz",
      "integrity": "sha1-rinpOCp7pImN6fSLsj/TOMT73Pg=",
      "requires": {
        "varint": "^4.0.0"
      },
      "dependencies": {
        "varint": {
          "version": "4.0.1",
          "resolved": "https://registry.npmjs.org/varint/-/varint-4.0.1.tgz",
          "integrity": "sha1-SQgpuULSSEY7KzUJeZXDv3NxmOk="
        }
      }
    },
    "bittorrent-dht": {
      "version": "7.10.0",
      "resolved": "https://registry.npmjs.org/bittorrent-dht/-/bittorrent-dht-7.10.0.tgz",
      "integrity": "sha512-fvb6M58Ceiv/S94nu6zeaiMoJvUYOeIqRbgaClm+kJTzCAqJPtAR/31pXNYB5iEReOoKqQB5zY33gY0W6ZRWQQ==",
      "requires": {
        "bencode": "^1.0.0",
        "buffer-equals": "^1.0.3",
        "debug": "^3.1.0",
        "inherits": "^2.0.1",
        "k-bucket": "^3.3.0",
        "k-rpc": "^4.2.1",
        "lru": "^3.1.0",
        "randombytes": "^2.0.5",
        "safe-buffer": "^5.0.1",
        "simple-sha1": "^2.1.0"
      },
      "dependencies": {
        "debug": {
          "version": "3.1.0",
          "resolved": "https://registry.npmjs.org/debug/-/debug-3.1.0.tgz",
          "integrity": "sha512-OX8XqP7/1a9cqkxYw2yXss15f26NKWBpDXQd0/uK/KPqdQhxbPa994hnzjcE2VqQpDslf55723cKPUOGSmMY3g==",
          "requires": {
            "ms": "2.0.0"
          }
        }
      }
    },
    "blake2b": {
      "version": "2.1.2",
      "resolved": "https://registry.npmjs.org/blake2b/-/blake2b-2.1.2.tgz",
      "integrity": "sha1-aIDt3KNc/t6SxPsnJCITNPmJFFo=",
      "requires": {
        "blake2b-wasm": "^1.1.0",
        "nanoassert": "^1.0.0"
      }
    },
    "blake2b-wasm": {
      "version": "1.1.7",
      "resolved": "https://registry.npmjs.org/blake2b-wasm/-/blake2b-wasm-1.1.7.tgz",
      "integrity": "sha512-oFIHvXhlz/DUgF0kq5B1CqxIDjIJwh9iDeUUGQUcvgiGz7Wdw03McEO7CfLBy7QKGdsydcMCgO9jFNBAFCtFcA==",
      "requires": {
        "nanoassert": "^1.0.0"
      }
    },
    "buffer-alloc": {
      "version": "1.1.0",
      "resolved": "https://registry.npmjs.org/buffer-alloc/-/buffer-alloc-1.1.0.tgz",
      "integrity": "sha1-BVFNM78WVtNUDGhPZbEgLpDsowM=",
      "requires": {
        "buffer-alloc-unsafe": "^0.1.0",
        "buffer-fill": "^0.1.0"
      },
      "dependencies": {
        "buffer-alloc-unsafe": {
          "version": "0.1.1",
          "resolved": "https://registry.npmjs.org/buffer-alloc-unsafe/-/buffer-alloc-unsafe-0.1.1.tgz",
          "integrity": "sha1-/+H2dVHdBVc33iUzN7/oU9+rGmo="
        }
      }
    },
    "buffer-alloc-unsafe": {
      "version": "1.0.0",
      "resolved": "https://registry.npmjs.org/buffer-alloc-unsafe/-/buffer-alloc-unsafe-1.0.0.tgz",
      "integrity": "sha1-R0qojzTnvHX6MR0uZFdAnFhGw/4="
    },
    "buffer-equals": {
      "version": "1.0.4",
      "resolved": "https://registry.npmjs.org/buffer-equals/-/buffer-equals-1.0.4.tgz",
      "integrity": "sha1-A1O1T9B/2VZBcGca5vZrnPENJ/U="
    },
    "buffer-fill": {
      "version": "0.1.1",
      "resolved": "https://registry.npmjs.org/buffer-fill/-/buffer-fill-0.1.1.tgz",
      "integrity": "sha512-YgBMBzdRLEfgxJIGu2wrvI2E03tMCFU1p7d1KhB4BOoMN0VxmTFjSyN5JtKt9z8Z9JajMHruI6SE25W96wNv7Q=="
    },
    "buffer-from": {
      "version": "1.0.0",
      "resolved": "https://registry.npmjs.org/buffer-from/-/buffer-from-1.0.0.tgz",
      "integrity": "sha512-83apNb8KK0Se60UE1+4Ukbe3HbfELJ6UlI4ldtOGs7So4KD26orJM8hIY9lxdzP+UpItH1Yh/Y8GUvNFWFFRxA=="
    },
    "bulk-write-stream": {
      "version": "1.1.4",
      "resolved": "https://registry.npmjs.org/bulk-write-stream/-/bulk-write-stream-1.1.4.tgz",
      "integrity": "sha512-GtKwd/4etuk1hNeprXoESBO1RSeRYJMXKf+O0qHmWdUomLT8ysNEfX/4bZFXr3BK6eukpHiEnhY2uMtEHDM2ng==",
      "requires": {
        "buffer-from": "^1.0.0",
        "inherits": "^2.0.1",
        "readable-stream": "^2.1.4"
      }
    },
    "circular-append-file": {
      "version": "1.0.1",
      "resolved": "https://registry.npmjs.org/circular-append-file/-/circular-append-file-1.0.1.tgz",
      "integrity": "sha512-BUDFvrBTCdeVhg9E05PX4XgMegk6xWB69uGwyuATEg7PMfa9lGU1mzFSK0xWNW2O0i9CAQHN0oIdXI/kI2hPkg==",
      "requires": {
        "multistream": "^2.1.0"
      }
    },
    "codecs": {
      "version": "1.2.1",
      "resolved": "https://registry.npmjs.org/codecs/-/codecs-1.2.1.tgz",
      "integrity": "sha512-SPnx+ZHXVJ0qTInRXmnxuyu8PDvSzvop5MXp1BOr/urFQI3yL2n5ewE755skTklF/hKVlWj8cinGxdR2gvLvTA=="
    },
    "concat-stream": {
      "version": "1.6.2",
      "resolved": "https://registry.npmjs.org/concat-stream/-/concat-stream-1.6.2.tgz",
      "integrity": "sha512-27HBghJxjiZtIk3Ycvn/4kbJk/1uZuJFfuPEns6LaEvpvG1f0hTea8lilrouyo9mVc2GWdcEZ8OLoGmSADlrCw==",
      "requires": {
        "buffer-from": "^1.0.0",
        "inherits": "^2.0.3",
        "readable-stream": "^2.2.2",
        "typedarray": "^0.0.6"
      }
    },
    "connections": {
      "version": "1.4.2",
      "resolved": "https://registry.npmjs.org/connections/-/connections-1.4.2.tgz",
      "integrity": "sha1-eJBIK/XHGvbFyhkr4xNq7XRCiq0="
    },
    "core-util-is": {
      "version": "1.0.2",
      "resolved": "https://registry.npmjs.org/core-util-is/-/core-util-is-1.0.2.tgz",
      "integrity": "sha1-tf1UIgqivFq1eqtxQMlAdUUDwac="
    },
    "dat-swarm-defaults": {
      "version": "1.0.1",
      "resolved": "https://registry.npmjs.org/dat-swarm-defaults/-/dat-swarm-defaults-1.0.1.tgz",
      "integrity": "sha512-T2WlO7BVmN9USchefsP8entQiByIlJLGuzHLL9qEqOBkyKB8p0Y7XPWxP8dcL43+SkeoxU5NVe7O0bsi3xL8Jg==",
      "requires": {
        "xtend": "^4.0.1"
      }
    },
    "debug": {
      "version": "2.6.9",
      "resolved": "https://registry.npmjs.org/debug/-/debug-2.6.9.tgz",
      "integrity": "sha512-bC7ElrdJaJnPbAP+1EotYvqZsb3ecl5wi6Bfi6BJTUcNowp6cvspg0jXznRTKDjm/E7AdgFBVeAPVMNcKGsHMA==",
      "requires": {
        "ms": "2.0.0"
      }
    },
    "discovery-channel": {
      "version": "5.5.1",
      "resolved": "https://registry.npmjs.org/discovery-channel/-/discovery-channel-5.5.1.tgz",
      "integrity": "sha512-EEmZQFE0PiOsJj7G3KVCwFGbYs4QchUvzA91iHtZ6HfkIqfBEDSTGLygJrUlY1Tr77WDV+qZVrZuNghHxSL/vw==",
      "requires": {
        "bittorrent-dht": "^7.10.0",
        "buffer-from": "^1.0.0",
        "debug": "^2.6.9",
        "dns-discovery": "^6.0.1",
        "pretty-hash": "^1.0.1",
        "thunky": "^0.1.0"
      }
    },
    "discovery-swarm": {
      "version": "5.1.1",
      "resolved": "https://registry.npmjs.org/discovery-swarm/-/discovery-swarm-5.1.1.tgz",
      "integrity": "sha512-r38993qP/fcuAlNLSOwGZUps1inzNA4wXkIkv/piwFDseyIWNjYyk/4DHGxyf/bWMB86gPWIUdA6AhydkWmgdA==",
      "requires": {
        "buffer-equals": "^1.0.3",
        "connections": "^1.4.2",
        "debug": "^2.4.5",
        "discovery-channel": "^5.5.1",
        "length-prefixed-message": "^3.0.3",
        "pump": "^1.0.1",
        "to-buffer": "^1.0.1",
        "utp-native": "^1.7.0"
      }
    },
    "dns-discovery": {
      "version": "6.1.0",
      "resolved": "https://registry.npmjs.org/dns-discovery/-/dns-discovery-6.1.0.tgz",
      "integrity": "sha512-Kl2tL2zuNR1w6SnsoRaqrOFm7gGP3/i/HzRXtyVBqaOq/5L1D2TUdViUAZ8e/NDbt+jQCJFWoaKCnmDC343usQ==",
      "requires": {
        "circular-append-file": "^1.0.1",
        "debug": "^2.6.9",
        "dns-socket": "^3.0.0",
        "lru": "^2.0.0",
        "minimist": "^1.2.0",
        "multicast-dns": "^7.0.0",
        "network-address": "^1.1.2",
        "pump": "^3.0.0",
        "speedometer": "^1.0.0",
        "unordered-set": "^1.1.0"
      },
      "dependencies": {
        "lru": {
          "version": "2.0.1",
          "resolved": "https://registry.npmjs.org/lru/-/lru-2.0.1.tgz",
          "integrity": "sha1-+XmHHhYuP1yiVL5GhExT1MU2RUQ=",
          "requires": {
            "inherits": "^2.0.1"
          }
        },
        "pump": {
          "version": "3.0.0",
          "resolved": "https://registry.npmjs.org/pump/-/pump-3.0.0.tgz",
          "integrity": "sha512-LwZy+p3SFs1Pytd/jYct4wpv49HiYCqd9Rlc5ZVdk0V+8Yzv6jR5Blk3TRmPL1ft69TxP0IMZGJ+WPFU2BFhww==",
          "requires": {
            "end-of-stream": "^1.1.0",
            "once": "^1.3.1"
          }
        }
      }
    },
    "dns-packet": {
      "version": "4.2.0",
      "resolved": "https://registry.npmjs.org/dns-packet/-/dns-packet-4.2.0.tgz",
      "integrity": "sha512-bn1AKpfkFbm0MIioOMHZ5qJzl2uypdBwI4nYNsqvhjsegBhcKJUlCrMPWLx6JEezRjxZmxhtIz/FkBEur2l8Cw==",
      "requires": {
        "ip": "^1.1.5",
        "safe-buffer": "^5.1.1"
      }
    },
    "dns-socket": {
      "version": "3.0.0",
      "resolved": "https://registry.npmjs.org/dns-socket/-/dns-socket-3.0.0.tgz",
      "integrity": "sha512-M0WkByoJ/mTm+HtwBQLsRJPe5uGIC/lYVOp+s6ZzhbZ5iq4GxjFyxYPQhB85dgCLvVb43aJQXHDC9aUgyKGc/Q==",
      "requires": {
        "dns-packet": "^4.1.0"
      }
    },
    "end-of-stream": {
      "version": "1.4.1",
      "resolved": "https://registry.npmjs.org/end-of-stream/-/end-of-stream-1.4.1.tgz",
      "integrity": "sha512-1MkrZNvWTKCaigbn+W15elq2BB/L22nqrSY5DKlo3X6+vclJm8Bb5djXJBmEX6fS3+zCh/F4VBK5Z2KxJt4s2Q==",
      "requires": {
        "once": "^1.4.0"
      }
    },
    "flat-tree": {
      "version": "1.6.0",
      "resolved": "https://registry.npmjs.org/flat-tree/-/flat-tree-1.6.0.tgz",
      "integrity": "sha1-/KMM3bkAb7ZW6168ea6ydOf96e0="
    },
    "from2": {
      "version": "2.3.0",
      "resolved": "https://registry.npmjs.org/from2/-/from2-2.3.0.tgz",
      "integrity": "sha1-i/tVAr3kpNNs/e6gB/zKIdfjgq8=",
      "requires": {
        "inherits": "^2.0.1",
        "readable-stream": "^2.0.0"
      }
    },
    "hypercore": {
      "version": "6.14.0",
      "resolved": "https://registry.npmjs.org/hypercore/-/hypercore-6.14.0.tgz",
      "integrity": "sha512-cM7IqW37u7JmG79yeaoaFuCMz7IEk+v/aQsnWrYo0HHTubRs36R28PoKVQykb9jcF7F7g6GT+yxTO+yG/hwe6Q==",
      "requires": {
        "array-lru": "^1.1.0",
        "atomic-batcher": "^1.0.2",
        "bitfield-rle": "^2.0.0",
        "buffer-alloc-unsafe": "^1.0.0",
        "buffer-equals": "^1.0.4",
        "buffer-from": "^1.0.0",
        "bulk-write-stream": "^1.1.3",
        "codecs": "^1.2.0",
        "flat-tree": "^1.6.0",
        "from2": "^2.3.0",
        "hypercore-protocol": "^6.4.1",
        "inherits": "^2.0.3",
        "last-one-wins": "^1.0.4",
        "memory-pager": "^1.0.2",
        "merkle-tree-stream": "^3.0.3",
        "process-nextick-args": "^1.0.7",
        "random-access-file": "^2.0.1",
        "sodium-universal": "^2.0.0",
        "sparse-bitfield": "^3.0.0",
        "thunky": "^1.0.1",
        "uint64be": "^2.0.1",
        "unordered-array-remove": "^1.0.2",
        "unordered-set": "^2.0.0"
      },
      "dependencies": {
        "process-nextick-args": {
          "version": "1.0.7",
          "resolved": "https://registry.npmjs.org/process-nextick-args/-/process-nextick-args-1.0.7.tgz",
          "integrity": "sha1-FQ4gt1ZZCtP5EJPyWk8q2L/zC6M="
        },
        "thunky": {
          "version": "1.0.2",
          "resolved": "https://registry.npmjs.org/thunky/-/thunky-1.0.2.tgz",
          "integrity": "sha1-qGLgGOP7HqLsP85dVWBc9X8kc3E="
        },
        "unordered-set": {
          "version": "2.0.0",
          "resolved": "https://registry.npmjs.org/unordered-set/-/unordered-set-2.0.0.tgz",
          "integrity": "sha1-mFon6XW6oguCY66np5HpMAlBqew="
        }
      }
    },
    "hypercore-protocol": {
      "version": "6.6.4",
      "resolved": "https://registry.npmjs.org/hypercore-protocol/-/hypercore-protocol-6.6.4.tgz",
      "integrity": "sha512-9TU7P+uve0e5v1ZiBx70DFhkpepW4iNSGYlZthK+Unm0EbZ+Yppc6clH7JTffPBNUMSnDrE552MfXMilpCHZMw==",
      "requires": {
        "buffer-alloc-unsafe": "^1.0.0",
        "buffer-from": "^1.0.0",
        "inherits": "^2.0.3",
        "protocol-buffers-encodings": "^1.1.0",
        "readable-stream": "^2.2.6",
        "sodium-universal": "^2.0.0",
        "sorted-indexof": "^1.0.0",
        "varint": "^5.0.0"
      },
      "dependencies": {
        "varint": {
          "version": "5.0.0",
          "resolved": "https://registry.npmjs.org/varint/-/varint-5.0.0.tgz",
          "integrity": "sha1-2Ca4n3SQcy+rwMDtaT7Uddyynr8="
        }
      }
    },
    "hyperdb": {
      "version": "git+https://github.com/mafintosh/hyperdb.git#5e22cb1a3c64ed8b7a236fd5918276624a361439",
      "from": "git+https://github.com/mafintosh/hyperdb.git",
      "requires": {
        "array-lru": "^1.1.1",
        "bulk-write-stream": "^1.1.3",
        "codecs": "^1.2.1",
        "hypercore": "^6.13.0",
        "hypercore-protocol": "^6.6.4",
        "inherits": "^2.0.3",
        "mutexify": "^1.2.0",
        "nanoiterator": "^1.1.0",
        "protocol-buffers-encodings": "^1.1.0",
        "random-access-file": "^2.0.1",
        "sodium-universal": "^2.0.0",
        "thunky": "^1.0.2",
        "unordered-array-remove": "^1.0.2",
        "unordered-set": "^2.0.0",
        "varint": "^5.0.0"
      },
      "dependencies": {
        "thunky": {
          "version": "1.0.2",
          "resolved": "https://registry.npmjs.org/thunky/-/thunky-1.0.2.tgz",
          "integrity": "sha1-qGLgGOP7HqLsP85dVWBc9X8kc3E="
        },
        "unordered-set": {
          "version": "2.0.0",
          "resolved": "https://registry.npmjs.org/unordered-set/-/unordered-set-2.0.0.tgz",
          "integrity": "sha1-mFon6XW6oguCY66np5HpMAlBqew="
        },
        "varint": {
          "version": "5.0.0",
          "resolved": "https://registry.npmjs.org/varint/-/varint-5.0.0.tgz",
          "integrity": "sha1-2Ca4n3SQcy+rwMDtaT7Uddyynr8="
        }
      }
    },
    "inherits": {
      "version": "2.0.3",
      "resolved": "https://registry.npmjs.org/inherits/-/inherits-2.0.3.tgz",
      "integrity": "sha1-Yzwsg+PaQqUC9SRmAiSA9CCCYd4="
    },
    "ini": {
      "version": "1.3.5",
      "resolved": "https://registry.npmjs.org/ini/-/ini-1.3.5.tgz",
      "integrity": "sha512-RZY5huIKCMRWDUqZlEi72f/lmXKMvuszcMBduliQ3nnWbx9X/ZBQO7DijMEYS9EhHBb2qacRUMtC7svLwe0lcw==",
      "optional": true
    },
    "ip": {
      "version": "1.1.5",
      "resolved": "https://registry.npmjs.org/ip/-/ip-1.1.5.tgz",
      "integrity": "sha1-vd7XARQpCCjAoDnnLvJfWq7ENUo="
    },
    "isarray": {
      "version": "1.0.0",
      "resolved": "https://registry.npmjs.org/isarray/-/isarray-1.0.0.tgz",
      "integrity": "sha1-u5NdSFgsuhaMBoNJV6VKPgcSTxE="
    },
    "k-bucket": {
      "version": "3.3.1",
      "resolved": "https://registry.npmjs.org/k-bucket/-/k-bucket-3.3.1.tgz",
      "integrity": "sha512-kgwWqYT79rAahn4maIVTP8dIe+m1KulufWW+f1bB9DlZrRFiGpZ4iJOg2HUp4xJYBWONP3+rOPIWF/RXABU6mw==",
      "requires": {
        "buffer-equals": "^1.0.3",
        "inherits": "^2.0.1",
        "randombytes": "^2.0.3"
      }
    },
    "k-rpc": {
      "version": "4.3.1",
      "resolved": "https://registry.npmjs.org/k-rpc/-/k-rpc-4.3.1.tgz",
      "integrity": "sha512-mgAJZeFYbpP0xzJzmS0TQTYoFI0sjy3GnKFhg8wyboL+KvWg2WLaA2Oy9PthLPx2Rxz4WeBMk4y3MSOrDJ95FA==",
      "requires": {
        "buffer-equals": "^1.0.3",
        "k-bucket": "^4.0.0",
        "k-rpc-socket": "^1.7.2",
        "randombytes": "^2.0.5",
        "safe-buffer": "^5.1.1"
      },
      "dependencies": {
        "k-bucket": {
          "version": "4.0.1",
          "resolved": "https://registry.npmjs.org/k-bucket/-/k-bucket-4.0.1.tgz",
          "integrity": "sha512-YvDpmY3waI999h1zZoW1rJ04fZrgZ+5PAlVmvwDHT6YO/Q1AOhdel07xsKy9eAvJjQ9xZV1wz3rXKqEfaWvlcQ==",
          "requires": {
            "inherits": "^2.0.1",
            "randombytes": "^2.0.3"
          }
        }
      }
    },
    "k-rpc-socket": {
      "version": "1.8.0",
      "resolved": "https://registry.npmjs.org/k-rpc-socket/-/k-rpc-socket-1.8.0.tgz",
      "integrity": "sha512-f/9TynsO8YYjZ6JjNNtSSH7CJcIHcio1buy3zqByGxb/GX8AWLdL6FZEWTrN8V3/J7W4/E0ZTQQ+Jt2rVq7ELg==",
      "requires": {
        "bencode": "^2.0.0",
        "buffer-equals": "^1.0.4",
        "safe-buffer": "^5.1.1"
      },
      "dependencies": {
        "bencode": {
          "version": "2.0.0",
          "resolved": "https://registry.npmjs.org/bencode/-/bencode-2.0.0.tgz",
          "integrity": "sha512-wr2HwwrUpfB5c68zmAudOltC7rZ1G0+lQOcnuEcfIM3AWAVnB3rHI3nlgd/2CWTfQ3w3zagKt89zni/M+VLZ8g==",
          "requires": {
            "safe-buffer": "^5.1.1"
          }
        }
      }
    },
    "last-one-wins": {
      "version": "1.0.4",
      "resolved": "https://registry.npmjs.org/last-one-wins/-/last-one-wins-1.0.4.tgz",
      "integrity": "sha1-wb/Qy8tGeQ7JFWuNGu6Py4bNoio="
    },
    "length-prefixed-message": {
      "version": "3.0.3",
      "resolved": "https://registry.npmjs.org/length-prefixed-message/-/length-prefixed-message-3.0.3.tgz",
      "integrity": "sha1-JFR01pq8BhTco2jcNaqAdJgqI6w=",
      "requires": {
        "varint": "^3.0.1"
      }
    },
    "lru": {
      "version": "3.1.0",
      "resolved": "https://registry.npmjs.org/lru/-/lru-3.1.0.tgz",
      "integrity": "sha1-6n+4VG2DczOWoTCR12z+tMBoN9U=",
      "requires": {
        "inherits": "^2.0.1"
      }
    },
    "memory-pager": {
      "version": "1.1.0",
      "resolved": "https://registry.npmjs.org/memory-pager/-/memory-pager-1.1.0.tgz",
      "integrity": "sha512-Mf9OHV/Y7h6YWDxTzX/b4ZZ4oh9NSXblQL8dtPCOomOtZciEHxePR78+uHFLLlsk01A6jVHhHsQZZ/WcIPpnzg=="
    },
    "merkle-tree-stream": {
      "version": "3.0.3",
      "resolved": "https://registry.npmjs.org/merkle-tree-stream/-/merkle-tree-stream-3.0.3.tgz",
      "integrity": "sha1-+KBkdg0355eK1fn208EZpJT1cIE=",
      "requires": {
        "flat-tree": "^1.3.0",
        "readable-stream": "^2.0.5"
      }
    },
    "minimist": {
      "version": "1.2.0",
      "resolved": "https://registry.npmjs.org/minimist/-/minimist-1.2.0.tgz",
      "integrity": "sha1-o1AIsg9BOD7sH7kU9M1d95omQoQ="
    },
    "mkdirp": {
      "version": "0.5.1",
      "resolved": "https://registry.npmjs.org/mkdirp/-/mkdirp-0.5.1.tgz",
      "integrity": "sha1-MAV0OOrGz3+MR2fzhkjWaX11yQM=",
      "requires": {
        "minimist": "0.0.8"
      },
      "dependencies": {
        "minimist": {
          "version": "0.0.8",
          "resolved": "https://registry.npmjs.org/minimist/-/minimist-0.0.8.tgz",
          "integrity": "sha1-hX/Kv8M5fSYluCKCYuhqp6ARsF0="
        }
      }
    },
    "ms": {
      "version": "2.0.0",
      "resolved": "https://registry.npmjs.org/ms/-/ms-2.0.0.tgz",
      "integrity": "sha1-VgiurfwAvmwpAd9fmGF4jeDVl8g="
    },
    "multicast-dns": {
      "version": "7.0.0",
      "resolved": "https://registry.npmjs.org/multicast-dns/-/multicast-dns-7.0.0.tgz",
      "integrity": "sha512-BqB5TtIXHo+8gN33N1CA1clsvPsAJlnc6D49SzfQA0xq75cxj15g2y9NaRdf4x2u4v1P66PBC+Wg6YgPO5Bc/g==",
      "requires": {
        "dns-packet": "^4.0.0",
        "thunky": "^1.0.2"
      },
      "dependencies": {
        "thunky": {
          "version": "1.0.2",
          "resolved": "https://registry.npmjs.org/thunky/-/thunky-1.0.2.tgz",
          "integrity": "sha1-qGLgGOP7HqLsP85dVWBc9X8kc3E="
        }
      }
    },
    "multistream": {
      "version": "2.1.0",
      "resolved": "https://registry.npmjs.org/multistream/-/multistream-2.1.0.tgz",
      "integrity": "sha1-YlwmfVxEQkrWKUeItbtNo9yzLx0=",
      "requires": {
        "inherits": "^2.0.1",
        "readable-stream": "^2.0.5"
      }
    },
    "mutexify": {
      "version": "1.2.0",
      "resolved": "https://registry.npmjs.org/mutexify/-/mutexify-1.2.0.tgz",
      "integrity": "sha512-oprzxd2zhfrJqEuB98qc1dRMMonClBQ57UPDjnbcrah4orEMTq1jq3+AcdFe5ePzdbJXI7zmdhfftIdMnhYFoQ=="
    },
    "nan": {
      "version": "2.10.0",
      "resolved": "https://registry.npmjs.org/nan/-/nan-2.10.0.tgz",
      "integrity": "sha512-bAdJv7fBLhWC+/Bls0Oza+mvTaNQtP+1RyhhhvD95pgUJz6XM5IzgmxOkItJ9tkoCiplvAnXI1tNmmUD/eScyA==",
      "optional": true
    },
    "nanoassert": {
      "version": "1.1.0",
      "resolved": "https://registry.npmjs.org/nanoassert/-/nanoassert-1.1.0.tgz",
      "integrity": "sha1-TzFS4JVA/eKMdvRLGbvNHVpCR40="
    },
    "nanoiterator": {
      "version": "1.1.0",
      "resolved": "https://registry.npmjs.org/nanoiterator/-/nanoiterator-1.1.0.tgz",
      "integrity": "sha512-vRVHypQzmaqLrYDjjPEJIhhHvqjHTJvaj0o4A/oC5zckiejgWfbjwfTRIKppwRPJWge+elquBnWsbpvp/bHDMg==",
      "requires": {
        "inherits": "^2.0.3",
        "readable-stream": "^2.3.3"
      }
    },
    "network-address": {
      "version": "1.1.2",
      "resolved": "https://registry.npmjs.org/network-address/-/network-address-1.1.2.tgz",
      "integrity": "sha1-Sqe/1D8D8LgclwKxPWqFjdsybz4="
    },
    "node-gyp-build": {
      "version": "3.3.0",
      "resolved": "https://registry.npmjs.org/node-gyp-build/-/node-gyp-build-3.3.0.tgz",
      "integrity": "sha512-SNtBzznpPggc7mY8XTfnYBywd9OGN99bwnxGKFqud9erYJMbwnJn6B8HXER2dy8iOYr6Nf2SzBQoJjV8gdM4Nw==",
      "optional": true
    },
    "once": {
      "version": "1.4.0",
      "resolved": "https://registry.npmjs.org/once/-/once-1.4.0.tgz",
      "integrity": "sha1-WDsap3WWHUsROsF9nFC6753Xa9E=",
      "requires": {
        "wrappy": "1"
      }
    },
    "pretty-hash": {
      "version": "1.0.1",
      "resolved": "https://registry.npmjs.org/pretty-hash/-/pretty-hash-1.0.1.tgz",
      "integrity": "sha1-FuBXkYje9WvbVliSvNBaXWUySAc="
    },
    "process-nextick-args": {
      "version": "2.0.0",
      "resolved": "https://registry.npmjs.org/process-nextick-args/-/process-nextick-args-2.0.0.tgz",
      "integrity": "sha512-MtEC1TqN0EU5nephaJ4rAtThHtC86dNN9qCuEhtshvpVBkAW5ZO7BASN9REnF9eoXGcRub+pFuKEpOHE+HbEMw=="
    },
    "protocol-buffers-encodings": {
      "version": "1.1.0",
      "resolved": "https://registry.npmjs.org/protocol-buffers-encodings/-/protocol-buffers-encodings-1.1.0.tgz",
      "integrity": "sha512-SmjEuAf3hc3h3rWZ6V1YaaQw2MNJWK848gLJgzx/sefOJdNLujKinJVXIS0q2cBQpQn2Q32TinawZyDZPzm4kQ==",
      "requires": {
        "signed-varint": "^2.0.1",
        "varint": "^5.0.0"
      },
      "dependencies": {
        "varint": {
          "version": "5.0.0",
          "resolved": "https://registry.npmjs.org/varint/-/varint-5.0.0.tgz",
          "integrity": "sha1-2Ca4n3SQcy+rwMDtaT7Uddyynr8="
        }
      }
    },
    "pump": {
      "version": "1.0.3",
      "resolved": "https://registry.npmjs.org/pump/-/pump-1.0.3.tgz",
      "integrity": "sha512-8k0JupWme55+9tCVE+FS5ULT3K6AbgqrGa58lTT49RpyfwwcGedHqaC5LlQNdEAumn/wFsu6aPwkuPMioy8kqw==",
      "requires": {
        "end-of-stream": "^1.1.0",
        "once": "^1.3.1"
      }
    },
    "random-access-file": {
      "version": "2.0.1",
      "resolved": "https://registry.npmjs.org/random-access-file/-/random-access-file-2.0.1.tgz",
      "integrity": "sha512-nb4fClpzoUY+v1SHrro+9yykN90eMA1rc+xM39tnZ5R3BgFY+J/NxPZ0KuUpishEsvnwou9Fvm2wa3cjeuG7vg==",
      "requires": {
        "mkdirp": "^0.5.1",
        "random-access-storage": "^1.1.1"
      }
    },
    "random-access-storage": {
      "version": "1.2.0",
      "resolved": "https://registry.npmjs.org/random-access-storage/-/random-access-storage-1.2.0.tgz",
      "integrity": "sha512-KASq0p0d4Tri71p1w9+gvKBhUpjt9/9TGtVMschfwNjdw93rZFnKlsZ+4CKFq/qi2GvdobIFLu0CjnQpfsr05Q==",
      "requires": {
        "inherits": "^2.0.3"
      }
    },
    "randombytes": {
      "version": "2.0.6",
      "resolved": "https://registry.npmjs.org/randombytes/-/randombytes-2.0.6.tgz",
      "integrity": "sha512-CIQ5OFxf4Jou6uOKe9t1AOgqpeU5fd70A8NPdHSGeYXqXsPe6peOwI0cUl88RWZ6sP1vPMV3avd/R6cZ5/sP1A==",
      "requires": {
        "safe-buffer": "^5.1.0"
      }
    },
    "readable-stream": {
      "version": "2.3.6",
      "resolved": "https://registry.npmjs.org/readable-stream/-/readable-stream-2.3.6.tgz",
      "integrity": "sha512-tQtKA9WIAhBF3+VLAseyMqZeBjW0AHJoxOtYqSUZNJxauErmLbVm2FW1y+J/YA9dUrAC39ITejlZWhVIwawkKw==",
      "requires": {
        "core-util-is": "~1.0.0",
        "inherits": "~2.0.3",
        "isarray": "~1.0.0",
        "process-nextick-args": "~2.0.0",
        "safe-buffer": "~5.1.1",
        "string_decoder": "~1.1.1",
        "util-deprecate": "~1.0.1"
      }
    },
    "rusha": {
      "version": "0.8.13",
      "resolved": "https://registry.npmjs.org/rusha/-/rusha-0.8.13.tgz",
      "integrity": "sha1-mghOe4YLF7/zAVuSxnpqM2GRUTo="
    },
    "safe-buffer": {
      "version": "5.1.2",
      "resolved": "https://registry.npmjs.org/safe-buffer/-/safe-buffer-5.1.2.tgz",
      "integrity": "sha512-Gd2UZBJDkXlY7GbJxfsE8/nvKkUEU1G38c1siN6QP6a9PT9MmHB8GnpscSmMJSoF8LOIrt8ud/wPtojys4G6+g=="
    },
    "signed-varint": {
      "version": "2.0.1",
      "resolved": "https://registry.npmjs.org/signed-varint/-/signed-varint-2.0.1.tgz",
      "integrity": "sha1-UKmYnafJjCxh2tEZvJdHDvhSgSk=",
      "requires": {
        "varint": "~5.0.0"
      },
      "dependencies": {
        "varint": {
          "version": "5.0.0",
          "resolved": "https://registry.npmjs.org/varint/-/varint-5.0.0.tgz",
          "integrity": "sha1-2Ca4n3SQcy+rwMDtaT7Uddyynr8="
        }
      }
    },
    "simple-sha1": {
      "version": "2.1.0",
      "resolved": "https://registry.npmjs.org/simple-sha1/-/simple-sha1-2.1.0.tgz",
      "integrity": "sha1-lCe7lv8SY8wQqEFM7dUaGLkZ6LM=",
      "requires": {
        "rusha": "^0.8.1"
      }
    },
    "siphash24": {
      "version": "1.1.0",
      "resolved": "https://registry.npmjs.org/siphash24/-/siphash24-1.1.0.tgz",
      "integrity": "sha512-nDCEEZKb6m7OxxG/5wwaLy2R+KpyLcOnGjTJlFXG+14FUmpDD1FCFV/MjsYATjShsqPkSkl1BVevI0TCehdsTw==",
      "requires": {
        "nanoassert": "^1.0.0"
      }
    },
    "sodium-javascript": {
      "version": "0.5.5",
      "resolved": "https://registry.npmjs.org/sodium-javascript/-/sodium-javascript-0.5.5.tgz",
      "integrity": "sha512-UMmCHovws/sxIBZsIRhIl8uRPou/RFDD0vVop81T1hG106NLLgqajKKuHAOtAP6hflnZ0UrVA2VFwddTd/NQyA==",
      "requires": {
        "blake2b": "^2.1.1",
        "nanoassert": "^1.0.0",
        "siphash24": "^1.0.1",
        "xsalsa20": "^1.0.0"
      }
    },
    "sodium-native": {
      "version": "2.1.6",
      "resolved": "https://registry.npmjs.org/sodium-native/-/sodium-native-2.1.6.tgz",
      "integrity": "sha512-vfovcNlU8C93SbeNoGSAdW5zVOTlrh1sTy+TzdC2FhDTE/IUK6j4ML5gdr/qziLz4XRT4EQWJvbFzql6CAAH/A==",
      "optional": true,
      "requires": {
        "ini": "^1.3.5",
        "nan": "^2.4.0",
        "node-gyp-build": "^3.0.0"
      }
    },
    "sodium-universal": {
      "version": "2.0.0",
      "resolved": "https://registry.npmjs.org/sodium-universal/-/sodium-universal-2.0.0.tgz",
      "integrity": "sha512-csdVyakzHJRyCevY4aZC2Eacda8paf+4nmRGF2N7KxCLKY2Ajn72JsExaQlJQ2BiXJncp44p3T+b80cU+2TTsg==",
      "requires": {
        "sodium-javascript": "~0.5.0",
        "sodium-native": "^2.0.0"
      }
    },
    "sorted-indexof": {
      "version": "1.0.0",
      "resolved": "https://registry.npmjs.org/sorted-indexof/-/sorted-indexof-1.0.0.tgz",
      "integrity": "sha1-F8dC/3zxh+L1mhXfm4HxemLOCJk="
    },
    "sparse-bitfield": {
      "version": "3.0.3",
      "resolved": "https://registry.npmjs.org/sparse-bitfield/-/sparse-bitfield-3.0.3.tgz",
      "integrity": "sha1-/0rm5oZWBWuks+eSqzM004JzyhE=",
      "requires": {
        "memory-pager": "^1.0.2"
      }
    },
    "speedometer": {
      "version": "1.0.0",
      "resolved": "https://registry.npmjs.org/speedometer/-/speedometer-1.0.0.tgz",
      "integrity": "sha1-zWccsGdSwivKM3Di8zREC+T8YuI="
    },
    "strftime": {
      "version": "0.10.0",
      "resolved": "https://registry.npmjs.org/strftime/-/strftime-0.10.0.tgz",
      "integrity": "sha1-s/D6QZKVICpaKJ9ta+n0kJphcZM="
    },
    "string_decoder": {
      "version": "1.1.1",
      "resolved": "https://registry.npmjs.org/string_decoder/-/string_decoder-1.1.1.tgz",
      "integrity": "sha512-n/ShnvDi6FHbbVfviro+WojiFzv+s8MPMHBczVePfUpDJLwoLT0ht1l4YwBCbi8pJAveEEdnkHyPyTP/mzRfwg==",
      "requires": {
        "safe-buffer": "~5.1.0"
      }
    },
    "through2": {
      "version": "2.0.3",
      "resolved": "https://registry.npmjs.org/through2/-/through2-2.0.3.tgz",
      "integrity": "sha1-AARWmzfHx0ujnEPzzteNGtlBQL4=",
      "requires": {
        "readable-stream": "^2.1.5",
        "xtend": "~4.0.1"
      }
    },
    "thunky": {
      "version": "0.1.0",
      "resolved": "https://registry.npmjs.org/thunky/-/thunky-0.1.0.tgz",
      "integrity": "sha1-vzAUaCTituZ7Dy16Ssi+smkIaE4="
    },
    "to-buffer": {
      "version": "1.1.1",
      "resolved": "https://registry.npmjs.org/to-buffer/-/to-buffer-1.1.1.tgz",
      "integrity": "sha512-lx9B5iv7msuFYE3dytT+KE5tap+rNYw+K4jVkb9R/asAb+pbBSM17jtunHplhBe6RRJdZx3Pn2Jph24O32mOVg=="
    },
    "typedarray": {
      "version": "0.0.6",
      "resolved": "https://registry.npmjs.org/typedarray/-/typedarray-0.0.6.tgz",
      "integrity": "sha1-hnrHTjhkGHsdPUfZlqeOxciDB3c="
    },
    "uint64be": {
      "version": "2.0.2",
      "resolved": "https://registry.npmjs.org/uint64be/-/uint64be-2.0.2.tgz",
      "integrity": "sha512-9QqdvpGQTXgxthP+lY4e/gIBy+RuqcBaC6JVwT5I3bDLgT/btL6twZMR0pI3/Fgah9G/pdwzIprE5gL6v9UvyQ==",
      "requires": {
        "buffer-alloc": "^1.1.0"
      }
    },
    "unordered-array-remove": {
      "version": "1.0.2",
      "resolved": "https://registry.npmjs.org/unordered-array-remove/-/unordered-array-remove-1.0.2.tgz",
      "integrity": "sha1-xUbo+I4xegzyZEyX7LV9umbSUO8="
    },
    "unordered-set": {
      "version": "1.1.0",
      "resolved": "https://registry.npmjs.org/unordered-set/-/unordered-set-1.1.0.tgz",
      "integrity": "sha1-K6fvMW7dC5WQzFR8dPdqLxZP7Mo="
    },
    "util-deprecate": {
      "version": "1.0.2",
      "resolved": "https://registry.npmjs.org/util-deprecate/-/util-deprecate-1.0.2.tgz",
      "integrity": "sha1-RQ1Nyfpw3nMnYvvS1KKJgUGaDM8="
    },
    "utp-native": {
      "version": "1.7.1",
      "resolved": "https://registry.npmjs.org/utp-native/-/utp-native-1.7.1.tgz",
      "integrity": "sha512-FSs76hQZsSsdI4YeePxb5SQoWmHxDRznImGiAN905O1svyHvcoQ3hYptu3Y9hPxRHeB3lHzJR5KRZy0Byj7qqg==",
      "optional": true,
      "requires": {
        "nan": "^2.5.1",
        "node-gyp-build": "^3.0.0",
        "readable-stream": "^2.2.2"
      }
    },
    "varint": {
      "version": "3.0.1",
      "resolved": "https://registry.npmjs.org/varint/-/varint-3.0.1.tgz",
      "integrity": "sha1-nT9T4DbAqxIACnS8LSTL8JOlgdk="
    },
    "wrappy": {
      "version": "1.0.2",
      "resolved": "https://registry.npmjs.org/wrappy/-/wrappy-1.0.2.tgz",
      "integrity": "sha1-tSQ9jz7BqjXxNkYFvA0QNuMKtp8="
    },
    "xsalsa20": {
      "version": "1.0.2",
      "resolved": "https://registry.npmjs.org/xsalsa20/-/xsalsa20-1.0.2.tgz",
      "integrity": "sha512-g1DFmZ5JJ9Qzvt4dMw6m9IydqoCSP381ucU5zm46Owbk3bwmqAr8eEJirOPc7PrXRn45drzOpAyDp8jsnoyXyw=="
    },
    "xtend": {
      "version": "4.0.1",
      "resolved": "https://registry.npmjs.org/xtend/-/xtend-4.0.1.tgz",
      "integrity": "sha1-pcbVMr5lbiPbgg77lDofBJmNY68="
    }
  }
}
